
Microsoft Visual Studio Solution File, Format Version 12.00
# Visual Studio Version 16
VisualStudioVersion = 16.0.29920.165
MinimumVisualStudioVersion = 10.0.40219.1
Project("{FAE04EC0-301F-11D3-BF4B-00C04F79EFBC}") = "martabakkuZZ", "martabakkuZZ\martabakkuZZ.csproj", "{C5D00C0F-3EA7-44EA-B582-B806AD8FA3F9}"
EndProject
Global
	GlobalSection(SolutionConfigurationPlatforms) = preSolution
		Debug|Any CPU = Debug|Any CPU
		Release|Any CPU = Release|Any CPU
	EndGlobalSection
	GlobalSection(ProjectConfigurationPlatforms) = postSolution
		{C5D00C0F-3EA7-44EA-B582-B806AD8FA3F9}.Debug|Any CPU.ActiveCfg = Debug|Any CPU
		{C5D00C0F-3EA7-44EA-B582-B806AD8FA3F9}.Debug|Any CPU.Build.0 = Debug|Any CPU
		{C5D00C0F-3EA7-44EA-B582-B806AD8FA3F9}.Release|Any CPU.ActiveCfg = Release|Any CPU
		{C5D00C0F-3EA7-44EA-B582-B806AD8FA3F9}.Release|Any CPU.Build.0 = Release|Any CPU
	EndGlobalSection
	GlobalSection(SolutionProperties) = preSolution
		HideSolutionNode = FALSE
	EndGlobalSection
	GlobalSection(ExtensibilityGlobals) = postSolution
		SolutionGuid = {DA1D0936-870F-40A3-859F-F55DB94F01AC}
	EndGlobalSection
EndGlobal
