
Microsoft Visual Studio Solution File, Format Version 12.00
# Visual Studio Version 16
VisualStudioVersion = 16.0.29920.165
MinimumVisualStudioVersion = 10.0.40219.1
Project("{FAE04EC0-301F-11D3-BF4B-00C04F79EFBC}") = "Tugas4_AplikasiHitungVolumeKeliling3D", "Tugas4_AplikasiHitungVolumeKeliling3D\Tugas4_AplikasiHitungVolumeKeliling3D.csproj", "{795CAC29-2BEC-4345-B53C-13DC98DC2FCC}"
EndProject
Global
	GlobalSection(SolutionConfigurationPlatforms) = preSolution
		Debug|Any CPU = Debug|Any CPU
		Release|Any CPU = Release|Any CPU
	EndGlobalSection
	GlobalSection(ProjectConfigurationPlatforms) = postSolution
		{795CAC29-2BEC-4345-B53C-13DC98DC2FCC}.Debug|Any CPU.ActiveCfg = Debug|Any CPU
		{795CAC29-2BEC-4345-B53C-13DC98DC2FCC}.Debug|Any CPU.Build.0 = Debug|Any CPU
		{795CAC29-2BEC-4345-B53C-13DC98DC2FCC}.Release|Any CPU.ActiveCfg = Release|Any CPU
		{795CAC29-2BEC-4345-B53C-13DC98DC2FCC}.Release|Any CPU.Build.0 = Release|Any CPU
	EndGlobalSection
	GlobalSection(SolutionProperties) = preSolution
		HideSolutionNode = FALSE
	EndGlobalSection
	GlobalSection(ExtensibilityGlobals) = postSolution
		SolutionGuid = {715AD845-1D24-46CB-8E51-043D383BC451}
	EndGlobalSection
EndGlobal
